
Microsoft Visual Studio Solution File, Format Version 12.00
# Visual Studio 15
VisualStudioVersion = 15.0.28307.489
MinimumVisualStudioVersion = 10.0.40219.1
Project("{FAE04EC0-301F-11D3-BF4B-00C04F79EFBC}") = "XUnitTestProject1", "XUnitTestProject1\XUnitTestProject1.csproj", "{9FE39339-8B43-4039-84AB-1C7DFF248C4C}"
EndProject
Project("{9A19103F-16F7-4668-BE54-9A1E7A4F7556}") = "Lab04_TicTacToe", "Lab04_TicTacToe\Lab04_TicTacToe.csproj", "{60926FAD-4F09-464D-9C74-1FDD6FD66C78}"
EndProject
Global
	GlobalSection(SolutionConfigurationPlatforms) = preSolution
		Debug|Any CPU = Debug|Any CPU
		Release|Any CPU = Release|Any CPU
	EndGlobalSection
	GlobalSection(ProjectConfigurationPlatforms) = postSolution
		{9FE39339-8B43-4039-84AB-1C7DFF248C4C}.Debug|Any CPU.ActiveCfg = Debug|Any CPU
		{9FE39339-8B43-4039-84AB-1C7DFF248C4C}.Debug|Any CPU.Build.0 = Debug|Any CPU
		{9FE39339-8B43-4039-84AB-1C7DFF248C4C}.Release|Any CPU.ActiveCfg = Release|Any CPU
		{9FE39339-8B43-4039-84AB-1C7DFF248C4C}.Release|Any CPU.Build.0 = Release|Any CPU
		{60926FAD-4F09-464D-9C74-1FDD6FD66C78}.Debug|Any CPU.ActiveCfg = Debug|Any CPU
		{60926FAD-4F09-464D-9C74-1FDD6FD66C78}.Debug|Any CPU.Build.0 = Debug|Any CPU
		{60926FAD-4F09-464D-9C74-1FDD6FD66C78}.Release|Any CPU.ActiveCfg = Release|Any CPU
		{60926FAD-4F09-464D-9C74-1FDD6FD66C78}.Release|Any CPU.Build.0 = Release|Any CPU
	EndGlobalSection
	GlobalSection(SolutionProperties) = preSolution
		HideSolutionNode = FALSE
	EndGlobalSection
	GlobalSection(ExtensibilityGlobals) = postSolution
		SolutionGuid = {B8FC4237-2E3D-4C28-90C4-CDD26BB79341}
	EndGlobalSection
EndGlobal
